
Microsoft Visual Studio Solution File, Format Version 12.00
# Visual Studio Version 16
VisualStudioVersion = 16.0.31313.79
MinimumVisualStudioVersion = 10.0.40219.1
Project("{FAE04EC0-301F-11D3-BF4B-00C04F79EFBC}") = "HRM", "HRM\HRM.csproj", "{7DCDE6C0-2166-4BD7-9DD8-10A1E72E95E5}"
EndProject
Project("{FAE04EC0-301F-11D3-BF4B-00C04F79EFBC}") = "Business", "Business\Business.csproj", "{72D01BE0-50D5-4A65-8CC4-FAA24E2FE35E}"
EndProject
Project("{FAE04EC0-301F-11D3-BF4B-00C04F79EFBC}") = "DataAccess", "DataAccess\DataAccess.csproj", "{74D90D67-B268-463A-A893-B5E564071EE6}"
EndProject
Global
	GlobalSection(SolutionConfigurationPlatforms) = preSolution
		Debug|Any CPU = Debug|Any CPU
		Release|Any CPU = Release|Any CPU
	EndGlobalSection
	GlobalSection(ProjectConfigurationPlatforms) = postSolution
		{7DCDE6C0-2166-4BD7-9DD8-10A1E72E95E5}.Debug|Any CPU.ActiveCfg = Debug|Any CPU
		{7DCDE6C0-2166-4BD7-9DD8-10A1E72E95E5}.Debug|Any CPU.Build.0 = Debug|Any CPU
		{7DCDE6C0-2166-4BD7-9DD8-10A1E72E95E5}.Release|Any CPU.ActiveCfg = Release|Any CPU
		{7DCDE6C0-2166-4BD7-9DD8-10A1E72E95E5}.Release|Any CPU.Build.0 = Release|Any CPU
		{72D01BE0-50D5-4A65-8CC4-FAA24E2FE35E}.Debug|Any CPU.ActiveCfg = Debug|Any CPU
		{72D01BE0-50D5-4A65-8CC4-FAA24E2FE35E}.Debug|Any CPU.Build.0 = Debug|Any CPU
		{72D01BE0-50D5-4A65-8CC4-FAA24E2FE35E}.Release|Any CPU.ActiveCfg = Release|Any CPU
		{72D01BE0-50D5-4A65-8CC4-FAA24E2FE35E}.Release|Any CPU.Build.0 = Release|Any CPU
		{74D90D67-B268-463A-A893-B5E564071EE6}.Debug|Any CPU.ActiveCfg = Debug|Any CPU
		{74D90D67-B268-463A-A893-B5E564071EE6}.Debug|Any CPU.Build.0 = Debug|Any CPU
		{74D90D67-B268-463A-A893-B5E564071EE6}.Release|Any CPU.ActiveCfg = Release|Any CPU
		{74D90D67-B268-463A-A893-B5E564071EE6}.Release|Any CPU.Build.0 = Release|Any CPU
	EndGlobalSection
	GlobalSection(SolutionProperties) = preSolution
		HideSolutionNode = FALSE
	EndGlobalSection
	GlobalSection(ExtensibilityGlobals) = postSolution
		SolutionGuid = {393A01C1-4045-438A-9727-D3A4A69F1397}
	EndGlobalSection
EndGlobal
